
Microsoft Visual Studio Solution File, Format Version 12.00
# Visual Studio 15
VisualStudioVersion = 15.0.28010.2016
MinimumVisualStudioVersion = 10.0.40219.1
Project("{8BC9CEB8-8B4A-11D0-8D11-00A0C91BC942}") = "myCMCheckersBoard", "myCMCheckersBoard\myCMCheckersBoard.vcxproj", "{682ED34A-D9D3-49AD-9C8E-5327C6E90C9D}"
EndProject
Global
	GlobalSection(SolutionConfigurationPlatforms) = preSolution
		Debug|x64 = Debug|x64
		Debug|x86 = Debug|x86
		Release|x64 = Release|x64
		Release|x86 = Release|x86
	EndGlobalSection
	GlobalSection(ProjectConfigurationPlatforms) = postSolution
		{682ED34A-D9D3-49AD-9C8E-5327C6E90C9D}.Debug|x64.ActiveCfg = Debug|x64
		{682ED34A-D9D3-49AD-9C8E-5327C6E90C9D}.Debug|x64.Build.0 = Debug|x64
		{682ED34A-D9D3-49AD-9C8E-5327C6E90C9D}.Debug|x86.ActiveCfg = Debug|Win32
		{682ED34A-D9D3-49AD-9C8E-5327C6E90C9D}.Debug|x86.Build.0 = Debug|Win32
		{682ED34A-D9D3-49AD-9C8E-5327C6E90C9D}.Release|x64.ActiveCfg = Release|x64
		{682ED34A-D9D3-49AD-9C8E-5327C6E90C9D}.Release|x64.Build.0 = Release|x64
		{682ED34A-D9D3-49AD-9C8E-5327C6E90C9D}.Release|x86.ActiveCfg = Release|Win32
		{682ED34A-D9D3-49AD-9C8E-5327C6E90C9D}.Release|x86.Build.0 = Release|Win32
	EndGlobalSection
	GlobalSection(SolutionProperties) = preSolution
		HideSolutionNode = FALSE
	EndGlobalSection
	GlobalSection(ExtensibilityGlobals) = postSolution
		SolutionGuid = {281AF3B6-94A8-4135-8BDF-F0DF0CB2FC6D}
	EndGlobalSection
EndGlobal
